lockfileVersion: '6.0'

settings:
  autoInstallPeers: true
  excludeLinksFromLockfile: false

dependencies:
  '@prisma/client':
    specifier: 6.1.0
    version: 6.1.0(prisma@6.1.0)

devDependencies:
  prisma:
    specifier: 6.1.0
    version: 6.1.0

packages:

  /@prisma/client@6.1.0(prisma@6.1.0):
    resolution: {integrity: sha512-AbQYc5+EJKm1Ydfq3KxwcGiy7wIbm4/QbjCKWWoNROtvy7d6a3gmAGkKjK0iUCzh+rHV8xDhD5Cge8ke/kiy5Q==}
    engines: {node: '>=18.18'}
    requiresBuild: true
    peerDependencies:
      prisma: '*'
    peerDependenciesMeta:
      prisma:
        optional: true
    dependencies:
      prisma: 6.1.0
    dev: false

  /@prisma/debug@6.1.0:
    resolution: {integrity: sha512-0himsvcM4DGBTtvXkd2Tggv6sl2JyUYLzEGXXleFY+7Kp6rZeSS3hiTW9mwtUlXrwYbJP6pwlVNB7jYElrjWUg==}

  /@prisma/engines-version@6.1.0-21.11f085a2012c0f4778414c8db2651556ee0ef959:
    resolution: {integrity: sha512-PdJqmYM2Fd8K0weOOtQThWylwjsDlTig+8Pcg47/jszMuLL9iLIaygC3cjWJLda69siRW4STlCTMSgOjZzvKPQ==}

  /@prisma/engines@6.1.0:
    resolution: {integrity: sha512-GnYJbCiep3Vyr1P/415ReYrgJUjP79fBNc1wCo7NP6Eia0CzL2Ot9vK7Infczv3oK7JLrCcawOSAxFxNFsAERQ==}
    requiresBuild: true
    dependencies:
      '@prisma/debug': 6.1.0
      '@prisma/engines-version': 6.1.0-21.11f085a2012c0f4778414c8db2651556ee0ef959
      '@prisma/fetch-engine': 6.1.0
      '@prisma/get-platform': 6.1.0

  /@prisma/fetch-engine@6.1.0:
    resolution: {integrity: sha512-asdFi7TvPlEZ8CzSZ/+Du5wZ27q6OJbRSXh+S8ISZguu+S9KtS/gP7NeXceZyb1Jv1SM1S5YfiCv+STDsG6rrg==}
    dependencies:
      '@prisma/debug': 6.1.0
      '@prisma/engines-version': 6.1.0-21.11f085a2012c0f4778414c8db2651556ee0ef959
      '@prisma/get-platform': 6.1.0

  /@prisma/get-platform@6.1.0:
    resolution: {integrity: sha512-ia8bNjboBoHkmKGGaWtqtlgQOhCi7+f85aOkPJKgNwWvYrT6l78KgojLekE8zMhVk0R9lWcifV0Pf8l3/15V0Q==}
    dependencies:
      '@prisma/debug': 6.1.0

  /fsevents@2.3.3:
    resolution: {integrity: sha512-5xoDfX+fL7faATnagmWPpbFtwh/R77WmMMqqHGS65C3vvB0YHrgF+B1YmZ3441tMj5n63k0212XNoJwzlhffQw==}
    engines: {node: ^8.16.0 || ^10.6.0 || >=11.0.0}
    os: [darwin]
    requiresBuild: true
    optional: true

  /prisma@6.1.0:
    resolution: {integrity: sha512-aFI3Yi+ApUxkwCJJwyQSwpyzUX7YX3ihzuHNHOyv4GJg3X5tQsmRaJEnZ+ZyfHpMtnyahhmXVfbTZ+lS8ZtfKw==}
    engines: {node: '>=18.18'}
    hasBin: true
    requiresBuild: true
    dependencies:
      '@prisma/engines': 6.1.0
    optionalDependencies:
      fsevents: 2.3.3
