lockfileVersion: '6.0'

settings:
  autoInstallPeers: true
  excludeLinksFromLockfile: false

dependencies:
  '@prisma/client':
    specifier: 5.15.0
    version: 5.15.0(prisma@5.15.1)

devDependencies:
  prisma:
    specifier: 5.15.1
    version: 5.15.1

packages:

  /@prisma/client@5.15.0(prisma@5.15.1):
    resolution: {integrity: sha512-wPTeTjbd2Q0abOeffN7zCDCbkp9C9cF+e9HPiI64lmpehyq2TepgXE+sY7FXr7Rhbb21prLMnhXX27/E11V09w==}
    engines: {node: '>=16.13'}
    requiresBuild: true
    peerDependencies:
      prisma: '*'
    peerDependenciesMeta:
      prisma:
        optional: true
    dependencies:
      prisma: 5.15.1
    dev: false

  /@prisma/debug@5.15.1:
    resolution: {integrity: sha512-NQjdEplhXEcPvf84ghxExC+LD+iTimbg3sZvA3BhybVQIocBEBxFf9GTHhmRVPmjrWoBaYJBVgEEBXZT27JTbQ==}

  /@prisma/engines-version@5.15.1-1.5675a3182f972f1a8f31d16eee6abf4fd54910e3:
    resolution: {integrity: sha512-7csphKGCG6n/cN1MkT1mJvQ78Ir18IknlYZ8eyEoLKdQBb0HscR/6TyPmzqrMA7Rz01K1KeXqctwAqxtA/lKQg==}

  /@prisma/engines@5.15.1:
    resolution: {integrity: sha512-1iTRxJEFvpBpEWf2bYiMG6LBBQhX7X+GA5piH+tmPWgc/v+/ElxQf2kjQxby8AErmZqtZkdoKJ7FSRjNjBPE9Q==}
    requiresBuild: true
    dependencies:
      '@prisma/debug': 5.15.1
      '@prisma/engines-version': 5.15.1-1.5675a3182f972f1a8f31d16eee6abf4fd54910e3
      '@prisma/fetch-engine': 5.15.1
      '@prisma/get-platform': 5.15.1

  /@prisma/fetch-engine@5.15.1:
    resolution: {integrity: sha512-mj0wfsJ+mAdDp1ynT2JKxAXa+CoYMT267qF7g2Uv+oaVTI2CMfGWouMARht8T2QLTgl+gpXSFTwIYbcR+oWEtw==}
    dependencies:
      '@prisma/debug': 5.15.1
      '@prisma/engines-version': 5.15.1-1.5675a3182f972f1a8f31d16eee6abf4fd54910e3
      '@prisma/get-platform': 5.15.1

  /@prisma/get-platform@5.15.1:
    resolution: {integrity: sha512-oFccp7bYys+ZYkmtYzjR+0cRrGKvSuF+h5QhSkyEsYQ9kzJzQRvuWt2SiHRPt8xOQ4MTmujM+bP5uOexnnAHdQ==}
    dependencies:
      '@prisma/debug': 5.15.1

  /prisma@5.15.1:
    resolution: {integrity: sha512-pYsUVpTlYvZ6mWvZKDv9rKdUa7tlfSUJY1CVtgb8Had1pHbIm9fr1MBASccr5XnSuCUrjnvKhWNwgSYy6aCajA==}
    engines: {node: '>=16.13'}
    hasBin: true
    requiresBuild: true
    dependencies:
      '@prisma/engines': 5.15.1
