lockfileVersion: '6.0'

settings:
  autoInstallPeers: true
  excludeLinksFromLockfile: false

dependencies:
  '@prisma/client':
    specifier: 5.16.0
    version: 5.16.0(prisma@5.16.0)

devDependencies:
  prisma:
    specifier: 5.16.0
    version: 5.16.0

packages:

  /@prisma/client@5.16.0(prisma@5.16.0):
    resolution: {integrity: sha512-8NOQSzgrSgpU2YcNm4MsPR4/vNvZdUBPuyX89PwWlClSKZeDjPSZ8+eds/ffu1Ttrjnm8V8D0hjgqpyc6wyqDg==}
    engines: {node: '>=16.13'}
    requiresBuild: true
    peerDependencies:
      prisma: '*'
    peerDependenciesMeta:
      prisma:
        optional: true
    dependencies:
      prisma: 5.16.0
    dev: false

  /@prisma/debug@5.16.0:
    resolution: {integrity: sha512-pfdOGxMShqZKkNNskYB0yXICsqL6rOkQUKNktouUZ9Y9ASd5736+ae2fpzif7onwJiIyEpu/yvOO3rFUbliKTA==}

  /@prisma/engines-version@5.16.0-24.34ace0eb2704183d2c05b60b52fba5c43c13f303:
    resolution: {integrity: sha512-HkT2WbfmFZ9WUPyuJHhkiADxazHg8Y4gByrTSVeb3OikP6tjQ7txtSUGu9OBOBH0C13dPKN2qqH12xKtHu/Hiw==}

  /@prisma/engines@5.16.0:
    resolution: {integrity: sha512-OGvi/GvLX3XwTWQ+k/57kLyHGidQ8rC8zB+Zq9nEE7gegjazyzgLYN9qzfdcCfyI8ilc6IMxOyX4sspwkv98hg==}
    requiresBuild: true
    dependencies:
      '@prisma/debug': 5.16.0
      '@prisma/engines-version': 5.16.0-24.34ace0eb2704183d2c05b60b52fba5c43c13f303
      '@prisma/fetch-engine': 5.16.0
      '@prisma/get-platform': 5.16.0

  /@prisma/fetch-engine@5.16.0:
    resolution: {integrity: sha512-8C8y6J9eWRl+R/aO3vQ2HlmM9IbjAmrZaaEAdC0OJfG3CHvbTOcL7VRY6CEUKo8RwZ8bdATOePaSMS634fHWgw==}
    dependencies:
      '@prisma/debug': 5.16.0
      '@prisma/engines-version': 5.16.0-24.34ace0eb2704183d2c05b60b52fba5c43c13f303
      '@prisma/get-platform': 5.16.0

  /@prisma/get-platform@5.16.0:
    resolution: {integrity: sha512-ynp2jAYfYdd7OObX+uWaFRpvhPVmpF0nsRMhbrWdVVUj39q3Zr8dGz5WDj2g+BTUE++u1T1Am3RyM3PBQdDZXA==}
    dependencies:
      '@prisma/debug': 5.16.0

  /prisma@5.16.0:
    resolution: {integrity: sha512-T1ZWJT/vgzp3rtRmd1iCSnPPsgOItXnnny+/cfpHraowiBEvUMD2pEI6yEOL6CP2EelTmq4wKDbXbYucy4Fd+A==}
    engines: {node: '>=16.13'}
    hasBin: true
    requiresBuild: true
    dependencies:
      '@prisma/engines': 5.16.0
